
Microsoft Visual Studio Solution File, Format Version 12.00
# Visual Studio Version 16
VisualStudioVersion = 16.0.34114.132
MinimumVisualStudioVersion = 10.0.40219.1
Project("{E24C65DC-7377-472B-9ABA-BC803B73C61A}") = "Site_Dayday_Roma_Vs", ".", "{94F1AB4F-A46A-46DA-A3DD-BB7D5DBFAE07}"
	ProjectSection(WebsiteProperties) = preProject
		TargetFrameworkMoniker = ".NETFramework,Version%3Dv4.0"
		Debug.AspNetCompiler.VirtualPath = "/localhost_52004"
		Debug.AspNetCompiler.PhysicalPath = "..\..\..\Desktop\Site_Dayday_Roma_Vs\"
		Debug.AspNetCompiler.TargetPath = "PrecompiledWeb\localhost_52004\"
		Debug.AspNetCompiler.Updateable = "true"
		Debug.AspNetCompiler.ForceOverwrite = "true"
		Debug.AspNetCompiler.FixedNames = "false"
		Debug.AspNetCompiler.Debug = "True"
		Release.AspNetCompiler.VirtualPath = "/localhost_52004"
		Release.AspNetCompiler.PhysicalPath = "..\..\..\Desktop\Site_Dayday_Roma_Vs\"
		Release.AspNetCompiler.TargetPath = "PrecompiledWeb\localhost_52004\"
		Release.AspNetCompiler.Updateable = "true"
		Release.AspNetCompiler.ForceOverwrite = "true"
		Release.AspNetCompiler.FixedNames = "false"
		Release.AspNetCompiler.Debug = "False"
		VWDPort = "52004"
	EndProjectSection
EndProject
Global
	GlobalSection(SolutionConfigurationPlatforms) = preSolution
		Debug|Any CPU = Debug|Any CPU
	EndGlobalSection
	GlobalSection(ProjectConfigurationPlatforms) = postSolution
		{94F1AB4F-A46A-46DA-A3DD-BB7D5DBFAE07}.Debug|Any CPU.ActiveCfg = Debug|Any CPU
		{94F1AB4F-A46A-46DA-A3DD-BB7D5DBFAE07}.Debug|Any CPU.Build.0 = Debug|Any CPU
	EndGlobalSection
	GlobalSection(SolutionProperties) = preSolution
		HideSolutionNode = FALSE
	EndGlobalSection
	GlobalSection(ExtensibilityGlobals) = postSolution
		SolutionGuid = {0ADEFC7B-AFE2-4A10-89B5-B8C7F966C883}
	EndGlobalSection
EndGlobal
